
Microsoft Visual Studio Solution File, Format Version 12.00
# Visual Studio Version 16
VisualStudioVersion = 16.0.28803.352
MinimumVisualStudioVersion = 10.0.40219.1
Project("{FAE04EC0-301F-11D3-BF4B-00C04F79EFBC}") = "Roshambo", "Roshambo\Roshambo.csproj", "{CE6561F9-962B-4532-ADB3-56B4846410C0}"
EndProject
Global
	GlobalSection(SolutionConfigurationPlatforms) = preSolution
		Debug|Any CPU = Debug|Any CPU
		Release|Any CPU = Release|Any CPU
	EndGlobalSection
	GlobalSection(ProjectConfigurationPlatforms) = postSolution
		{CE6561F9-962B-4532-ADB3-56B4846410C0}.Debug|Any CPU.ActiveCfg = Debug|Any CPU
		{CE6561F9-962B-4532-ADB3-56B4846410C0}.Debug|Any CPU.Build.0 = Debug|Any CPU
		{CE6561F9-962B-4532-ADB3-56B4846410C0}.Release|Any CPU.ActiveCfg = Release|Any CPU
		{CE6561F9-962B-4532-ADB3-56B4846410C0}.Release|Any CPU.Build.0 = Release|Any CPU
	EndGlobalSection
	GlobalSection(SolutionProperties) = preSolution
		HideSolutionNode = FALSE
	EndGlobalSection
	GlobalSection(ExtensibilityGlobals) = postSolution
		SolutionGuid = {2E1D9653-BDC4-465D-85FB-A418AFB83601}
	EndGlobalSection
EndGlobal
